// !$*UTF8*$!
{
	archiveVersion = 1;
	classes = {
	};
	objectVersion = 55;
	objects = {

/* Begin PBXBuildFile section */
		52AEB16627620FA200BC464A /* AppDelegate.swift in Sources */ = {isa = PBXBuildFile; fileRef = 52AEB16527620FA200BC464A /* AppDelegate.swift */; };
		52AEB16827620FA200BC464A /* SceneDelegate.swift in Sources */ = {isa = PBXBuildFile; fileRef = 52AEB16727620FA200BC464A /* SceneDelegate.swift */; };
		52AEB16A27620FA200BC464A /* ViewController.swift in Sources */ = {isa = PBXBuildFile; fileRef = 52AEB16927620FA200BC464A /* ViewController.swift */; };
		52AEB16D27620FA200BC464A /* Main.storyboard in Resources */ = {isa = PBXBuildFile; fileRef = 52AEB16B27620FA200BC464A /* Main.storyboard */; };
		52AEB16F27620FA700BC464A /* Assets.xcassets in Resources */ = {isa = PBXBuildFile; fileRef = 52AEB16E27620FA700BC464A /* Assets.xcassets */; };
		52AEB17227620FA700BC464A /* LaunchScreen.storyboard in Resources */ = {isa = PBXBuildFile; fileRef = 52AEB17027620FA700BC464A /* LaunchScreen.storyboard */; };
		52AEB17D27620FA800BC464A /* Smaher_alharthiTests.swift in Sources */ = {isa = PBXBuildFile; fileRef = 52AEB17C27620FA800BC464A /* Smaher_alharthiTests.swift */; };
		52AEB18727620FA800BC464A /* Smaher_alharthiUITests.swift in Sources */ = {isa = PBXBuildFile; fileRef = 52AEB18627620FA800BC464A /* Smaher_alharthiUITests.swift */; };
		52AEB18927620FA800BC464A /* Smaher_alharthiUITestsLaunchTests.swift in Sources */ = {isa = PBXBuildFile; fileRef = 52AEB18827620FA800BC464A /* Smaher_alharthiUITestsLaunchTests.swift */; };
/* End PBXBuildFile section */

/* Begin PBXContainerItemProxy section */
		52AEB17927620FA800BC464A /* PBXContainerItemProxy */ = {
			isa = PBXContainerItemProxy;
			containerPortal = 52AEB15A27620FA100BC464A /* Project object */;
			proxyType = 1;
			remoteGlobalIDString = 52AEB16127620FA200BC464A;
			remoteInfo = "Smaher alharthi";
		};
		52AEB18327620FA800BC464A /* PBXContainerItemProxy */ = {
			isa = PBXContainerItemProxy;
			containerPortal = 52AEB15A27620FA100BC464A /* Project object */;
			proxyType = 1;
			remoteGlobalIDString = 52AEB16127620FA200BC464A;
			remoteInfo = "Smaher alharthi";
		};
/* End PBXContainerItemProxy section */

/* Begin PBXFileReference section */
		52AEB16227620FA200BC464A /* Smaher alharthi.app */ = {isa = PBXFileReference; explicitFileType = wrapper.application; includeInIndex = 0; path = "Smaher alharthi.app"; sourceTree = BUILT_PRODUCTS_DIR; };
		52AEB16527620FA200BC464A /* AppDelegate.swift */ = {isa = PBXFileReference; lastKnownFileType = sourcecode.swift; path = AppDelegate.swift; sourceTree = "<group>"; };
		52AEB16727620FA200BC464A /* SceneDelegate.swift */ = {isa = PBXFileReference; lastKnownFileType = sourcecode.swift; path = SceneDelegate.swift; sourceTree = "<group>"; };
		52AEB16927620FA200BC464A /* ViewController.swift */ = {isa = PBXFileReference; lastKnownFileType = sourcecode.swift; path = ViewController.swift; sourceTree = "<group>"; };
		52AEB16C27620FA200BC464A /* Base */ = {isa = PBXFileReference; lastKnownFileType = file.storyboard; name = Base; path = Base.lproj/Main.storyboard; sourceTree = "<group>"; };
		52AEB16E27620FA700BC464A /* Assets.xcassets */ = {isa = PBXFileReference; lastKnownFileType = folder.assetcatalog; path = Assets.xcassets; sourceTree = "<group>"; };
		52AEB17127620FA700BC464A /* Base */ = {isa = PBXFileReference; lastKnownFileType = file.storyboard; name = Base; path = Base.lproj/LaunchScreen.storyboard; sourceTree = "<group>"; };
		52AEB17327620FA700BC464A /* Info.plist */ = {isa = PBXFileReference; lastKnownFileType = text.plist.xml; path = Info.plist; sourceTree = "<group>"; };
		52AEB17827620FA800BC464A /* Smaher alharthiTests.xctest */ = {isa = PBXFileReference; explicitFileType = wrapper.cfbundle; includeInIndex = 0; path = "Smaher alharthiTests.xctest"; sourceTree = BUILT_PRODUCTS_DIR; };
		52AEB17C27620FA800BC464A /* Smaher_alharthiTests.swift */ = {isa = PBXFileReference; lastKnownFileType = sourcecode.swift; path = Smaher_alharthiTests.swift; sourceTree = "<group>"; };
		52AEB18227620FA800BC464A /* Smaher alharthiUITests.xctest */ = {isa = PBXFileReference; explicitFileType = wrapper.cfbundle; includeInIndex = 0; path = "Smaher alharthiUITests.xctest"; sourceTree = BUILT_PRODUCTS_DIR; };
		52AEB18627620FA800BC464A /* Smaher_alharthiUITests.swift */ = {isa = PBXFileReference; lastKnownFileType = sourcecode.swift; path = Smaher_alharthiUITests.swift; sourceTree = "<group>"; };
		52AEB18827620FA800BC464A /* Smaher_alharthiUITestsLaunchTests.swift */ = {isa = PBXFileReference; lastKnownFileType = sourcecode.swift; path = Smaher_alharthiUITestsLaunchTests.swift; sourceTree = "<group>"; };
/* End PBXFileReference section */

/* Begin PBXFrameworksBuildPhase section */
		52AEB15F27620FA200BC464A /* Frameworks */ = {
			isa = PBXFrameworksBuildPhase;
			buildActionMask = 2147483647;
			files = (
			);
			runOnlyForDeploymentPostprocessing = 0;
		};
		52AEB17527620FA800BC464A /* Frameworks */ = {
			isa = PBXFrameworksBuildPhase;
			buildActionMask = 2147483647;
			files = (
			);
			runOnlyForDeploymentPostprocessing = 0;
		};
		52AEB17F27620FA800BC464A /* Frameworks */ = {
			isa = PBXFrameworksBuildPhase;
			buildActionMask = 2147483647;
			files = (
			);
			runOnlyForDeploymentPostprocessing = 0;
		};
/* End PBXFrameworksBuildPhase section */

/* Begin PBXGroup section */
		52AEB15927620FA100BC464A = {
			isa = PBXGroup;
			children = (
				52AEB16427620FA200BC464A /* Smaher alharthi */,
				52AEB17B27620FA800BC464A /* Smaher alharthiTests */,
				52AEB18527620FA800BC464A /* Smaher alharthiUITests */,
				52AEB16327620FA200BC464A /* Products */,
			);
			sourceTree = "<group>";
		};
		52AEB16327620FA200BC464A /* Products */ = {
			isa = PBXGroup;
			children = (
				52AEB16227620FA200BC464A /* Smaher alharthi.app */,
				52AEB17827620FA800BC464A /* Smaher alharthiTests.xctest */,
				52AEB18227620FA800BC464A /* Smaher alharthiUITests.xctest */,
			);
			name = Products;
			sourceTree = "<group>";
		};
		52AEB16427620FA200BC464A /* Smaher alharthi */ = {
			isa = PBXGroup;
			children = (
				52AEB16527620FA200BC464A /* AppDelegate.swift */,
				52AEB16727620FA200BC464A /* SceneDelegate.swift */,
				52AEB16927620FA200BC464A /* ViewController.swift */,
				52AEB16B27620FA200BC464A /* Main.storyboard */,
				52AEB16E27620FA700BC464A /* Assets.xcassets */,
				52AEB17027620FA700BC464A /* LaunchScreen.storyboard */,
				52AEB17327620FA700BC464A /* Info.plist */,
			);
			path = "Smaher alharthi";
			sourceTree = "<group>";
		};
		52AEB17B27620FA800BC464A /* Smaher alharthiTests */ = {
			isa = PBXGroup;
			children = (
				52AEB17C27620FA800BC464A /* Smaher_alharthiTests.swift */,
			);
			path = "Smaher alharthiTests";
			sourceTree = "<group>";
		};
		52AEB18527620FA800BC464A /* Smaher alharthiUITests */ = {
			isa = PBXGroup;
			children = (
				52AEB18627620FA800BC464A /* Smaher_alharthiUITests.swift */,
				52AEB18827620FA800BC464A /* Smaher_alharthiUITestsLaunchTests.swift */,
			);
			path = "Smaher alharthiUITests";
			sourceTree = "<group>";
		};
/* End PBXGroup section */

/* Begin PBXNativeTarget section */
		52AEB16127620FA200BC464A /* Smaher alharthi */ = {
			isa = PBXNativeTarget;
			buildConfigurationList = 52AEB18C27620FA800BC464A /* Build configuration list for PBXNativeTarget "Smaher alharthi" */;
			buildPhases = (
				52AEB15E27620FA200BC464A /* Sources */,
				52AEB15F27620FA200BC464A /* Frameworks */,
				52AEB16027620FA200BC464A /* Resources */,
			);
			buildRules = (
			);
			dependencies = (
			);
			name = "Smaher alharthi";
			productName = "Smaher alharthi";
			productReference = 52AEB16227620FA200BC464A /* Smaher alharthi.app */;
			productType = "com.apple.product-type.application";
		};
		52AEB17727620FA800BC464A /* Smaher alharthiTests */ = {
			isa = PBXNativeTarget;
			buildConfigurationList = 52AEB18F27620FA800BC464A /* Build configuration list for PBXNativeTarget "Smaher alharthiTests" */;
			buildPhases = (
				52AEB17427620FA800BC464A /* Sources */,
				52AEB17527620FA800BC464A /* Frameworks */,
				52AEB17627620FA800BC464A /* Resources */,
			);
			buildRules = (
			);
			dependencies = (
				52AEB17A27620FA800BC464A /* PBXTargetDependency */,
			);
			name = "Smaher alharthiTests";
			productName = "Smaher alharthiTests";
			productReference = 52AEB17827620FA800BC464A /* Smaher alharthiTests.xctest */;
			productType = "com.apple.product-type.bundle.unit-test";
		};
		52AEB18127620FA800BC464A /* Smaher alharthiUITests */ = {
			isa = PBXNativeTarget;
			buildConfigurationList = 52AEB19227620FA800BC464A /* Build configuration list for PBXNativeTarget "Smaher alharthiUITests" */;
			buildPhases = (
				52AEB17E27620FA800BC464A /* Sources */,
				52AEB17F27620FA800BC464A /* Frameworks */,
				52AEB18027620FA800BC464A /* Resources */,
			);
			buildRules = (
			);
			dependencies = (
				52AEB18427620FA800BC464A /* PBXTargetDependency */,
			);
			name = "Smaher alharthiUITests";
			productName = "Smaher alharthiUITests";
			productReference = 52AEB18227620FA800BC464A /* Smaher alharthiUITests.xctest */;
			productType = "com.apple.product-type.bundle.ui-testing";
		};
/* End PBXNativeTarget section */

/* Begin PBXProject section */
		52AEB15A27620FA100BC464A /* Project object */ = {
			isa = PBXProject;
			attributes = {
				BuildIndependentTargetsInParallel = 1;
				LastSwiftUpdateCheck = 1310;
				LastUpgradeCheck = 1310;
				TargetAttributes = {
					52AEB16127620FA200BC464A = {
						CreatedOnToolsVersion = 13.1;
					};
					52AEB17727620FA800BC464A = {
						CreatedOnToolsVersion = 13.1;
						TestTargetID = 52AEB16127620FA200BC464A;
					};
					52AEB18127620FA800BC464A = {
						CreatedOnToolsVersion = 13.1;
						TestTargetID = 52AEB16127620FA200BC464A;
					};
				};
			};
			buildConfigurationList = 52AEB15D27620FA100BC464A /* Build configuration list for PBXProject "Smaher alharthi" */;
			compatibilityVersion = "Xcode 13.0";
			developmentRegion = en;
			hasScannedForEncodings = 0;
			knownRegions = (
				en,
				Base,
			);
			mainGroup = 52AEB15927620FA100BC464A;
			productRefGroup = 52AEB16327620FA200BC464A /* Products */;
			projectDirPath = "";
			projectRoot = "";
			targets = (
				52AEB16127620FA200BC464A /* Smaher alharthi */,
				52AEB17727620FA800BC464A /* Smaher alharthiTests */,
				52AEB18127620FA800BC464A /* Smaher alharthiUITests */,
			);
		};
/* End PBXProject section */

/* Begin PBXResourcesBuildPhase section */
		52AEB16027620FA200BC464A /* Resources */ = {
			isa = PBXResourcesBuildPhase;
			buildActionMask = 2147483647;
			files = (
				52AEB17227620FA700BC464A /* LaunchScreen.storyboard in Resources */,
				52AEB16F27620FA700BC464A /* Assets.xcassets in Resources */,
				52AEB16D27620FA200BC464A /* Main.storyboard in Resources */,
			);
			runOnlyForDeploymentPostprocessing = 0;
		};
		52AEB17627620FA800BC464A /* Resources */ = {
			isa = PBXResourcesBuildPhase;
			buildActionMask = 2147483647;
			files = (
			);
			runOnlyForDeploymentPostprocessing = 0;
		};
		52AEB18027620FA800BC464A /* Resources */ = {
			isa = PBXResourcesBuildPhase;
			buildActionMask = 2147483647;
			files = (
			);
			runOnlyForDeploymentPostprocessing = 0;
		};
/* End PBXResourcesBuildPhase section */

/* Begin PBXSourcesBuildPhase section */
		52AEB15E27620FA200BC464A /* Sources */ = {
			isa = PBXSourcesBuildPhase;
			buildActionMask = 2147483647;
			files = (
				52AEB16A27620FA200BC464A /* ViewController.swift in Sources */,
				52AEB16627620FA200BC464A /* AppDelegate.swift in Sources */,
				52AEB16827620FA200BC464A /* SceneDelegate.swift in Sources */,
			);
			runOnlyForDeploymentPostprocessing = 0;
		};
		52AEB17427620FA800BC464A /* Sources */ = {
			isa = PBXSourcesBuildPhase;
			buildActionMask = 2147483647;
			files = (
				52AEB17D27620FA800BC464A /* Smaher_alharthiTests.swift in Sources */,
			);
			runOnlyForDeploymentPostprocessing = 0;
		};
		52AEB17E27620FA800BC464A /* Sources */ = {
			isa = PBXSourcesBuildPhase;
			buildActionMask = 2147483647;
			files = (
				52AEB18727620FA800BC464A /* Smaher_alharthiUITests.swift in Sources */,
				52AEB18927620FA800BC464A /* Smaher_alharthiUITestsLaunchTests.swift in Sources */,
			);
			runOnlyForDeploymentPostprocessing = 0;
		};
/* End PBXSourcesBuildPhase section */

/* Begin PBXTargetDependency section */
		52AEB17A27620FA800BC464A /* PBXTargetDependency */ = {
			isa = PBXTargetDependency;
			target = 52AEB16127620FA200BC464A /* Smaher alharthi */;
			targetProxy = 52AEB17927620FA800BC464A /* PBXContainerItemProxy */;
		};
		52AEB18427620FA800BC464A /* PBXTargetDependency */ = {
			isa = PBXTargetDependency;
			target = 52AEB16127620FA200BC464A /* Smaher alharthi */;
			targetProxy = 52AEB18327620FA800BC464A /* PBXContainerItemProxy */;
		};
/* End PBXTargetDependency section */

/* Begin PBXVariantGroup section */
		52AEB16B27620FA200BC464A /* Main.storyboard */ = {
			isa = PBXVariantGroup;
			children = (
				52AEB16C27620FA200BC464A /* Base */,
			);
			name = Main.storyboard;
			sourceTree = "<group>";
		};
		52AEB17027620FA700BC464A /* LaunchScreen.storyboard */ = {
			isa = PBXVariantGroup;
			children = (
				52AEB17127620FA700BC464A /* Base */,
			);
			name = LaunchScreen.storyboard;
			sourceTree = "<group>";
		};
/* End PBXVariantGroup section */

/* Begin XCBuildConfiguration section */
		52AEB18A27620FA800BC464A /* Debug */ = {
			isa = XCBuildConfiguration;
			buildSettings = {
				ALWAYS_SEARCH_USER_PATHS = NO;
				CLANG_ANALYZER_NONNULL = YES;
				CLANG_ANALYZER_NUMBER_OBJECT_CONVERSION = YES_AGGRESSIVE;
				CLANG_CXX_LANGUAGE_STANDARD = "gnu++17";
				CLANG_CXX_LIBRARY = "libc++";
				CLANG_ENABLE_MODULES = YES;
				CLANG_ENABLE_OBJC_ARC = YES;
				CLANG_ENABLE_OBJC_WEAK = YES;
				CLANG_WARN_BLOCK_CAPTURE_AUTORELEASING = YES;
				CLANG_WARN_BOOL_CONVERSION = YES;
				CLANG_WARN_COMMA = YES;
				CLANG_WARN_CONSTANT_CONVERSION = YES;
				CLANG_WARN_DEPRECATED_OBJC_IMPLEMENTATIONS = YES;
				CLANG_WARN_DIRECT_OBJC_ISA_USAGE = YES_ERROR;
				CLANG_WARN_DOCUMENTATION_COMMENTS = YES;
				CLANG_WARN_EMPTY_BODY = YES;
				CLANG_WARN_ENUM_CONVERSION = YES;
				CLANG_WARN_INFINITE_RECURSION = YES;
				CLANG_WARN_INT_CONVERSION = YES;
				CLANG_WARN_NON_LITERAL_NULL_CONVERSION = YES;
				CLANG_WARN_OBJC_IMPLICIT_RETAIN_SELF = YES;
				CLANG_WARN_OBJC_LITERAL_CONVERSION = YES;
				CLANG_WARN_OBJC_ROOT_CLASS = YES_ERROR;
				CLANG_WARN_QUOTED_INCLUDE_IN_FRAMEWORK_HEADER = YES;
				CLANG_WARN_RANGE_LOOP_ANALYSIS = YES;
				CLANG_WARN_STRICT_PROTOTYPES = YES;
				CLANG_WARN_SUSPICIOUS_MOVE = YES;
				CLANG_WARN_UNGUARDED_AVAILABILITY = YES_AGGRESSIVE;
				CLANG_WARN_UNREACHABLE_CODE = YES;
				CLANG_WARN__DUPLICATE_METHOD_MATCH = YES;
				COPY_PHASE_STRIP = NO;
				DEBUG_INFORMATION_FORMAT = dwarf;
				ENABLE_STRICT_OBJC_MSGSEND = YES;
				ENABLE_TESTABILITY = YES;
				GCC_C_LANGUAGE_STANDARD = gnu11;
				GCC_DYNAMIC_NO_PIC = NO;
				GCC_NO_COMMON_BLOCKS = YES;
				GCC_OPTIMIZATION_LEVEL = 0;
				GCC_PREPROCESSOR_DEFINITIONS = (
					"DEBUG=1",
					"$(inherited)",
				);
				GCC_WARN_64_TO_32_BIT_CONVERSION = YES;
				GCC_WARN_ABOUT_RETURN_TYPE = YES_ERROR;
				GCC_WARN_UNDECLARED_SELECTOR = YES;
				GCC_WARN_UNINITIALIZED_AUTOS = YES_AGGRESSIVE;
				GCC_WARN_UNUSED_FUNCTION = YES;
				GCC_WARN_UNUSED_VARIABLE = YES;
				IPHONEOS_DEPLOYMENT_TARGET = 15.0;
				MTL_ENABLE_DEBUG_INFO = INCLUDE_SOURCE;
				MTL_FAST_MATH = YES;
				ONLY_ACTIVE_ARCH = YES;
				SDKROOT = iphoneos;
				SWIFT_ACTIVE_COMPILATION_CONDITIONS = DEBUG;
				SWIFT_OPTIMIZATION_LEVEL = "-Onone";
			};
			name = Debug;
		};
		52AEB18B27620FA800BC464A /* Release */ = {
			isa = XCBuildConfiguration;
			buildSettings = {
				ALWAYS_SEARCH_USER_PATHS = NO;
				CLANG_ANALYZER_NONNULL = YES;
				CLANG_ANALYZER_NUMBER_OBJECT_CONVERSION = YES_AGGRESSIVE;
				CLANG_CXX_LANGUAGE_STANDARD = "gnu++17";
				CLANG_CXX_LIBRARY = "libc++";
				CLANG_ENABLE_MODULES = YES;
				CLANG_ENABLE_OBJC_ARC = YES;
				CLANG_ENABLE_OBJC_WEAK = YES;
				CLANG_WARN_BLOCK_CAPTURE_AUTORELEASING = YES;
				CLANG_WARN_BOOL_CONVERSION = YES;
				CLANG_WARN_COMMA = YES;
				CLANG_WARN_CONSTANT_CONVERSION = YES;
				CLANG_WARN_DEPRECATED_OBJC_IMPLEMENTATIONS = YES;
				CLANG_WARN_DIRECT_OBJC_ISA_USAGE = YES_ERROR;
				CLANG_WARN_DOCUMENTATION_COMMENTS = YES;
				CLANG_WARN_EMPTY_BODY = YES;
				CLANG_WARN_ENUM_CONVERSION = YES;
				CLANG_WARN_INFINITE_RECURSION = YES;
				CLANG_WARN_INT_CONVERSION = YES;
				CLANG_WARN_NON_LITERAL_NULL_CONVERSION = YES;
				CLANG_WARN_OBJC_IMPLICIT_RETAIN_SELF = YES;
				CLANG_WARN_OBJC_LITERAL_CONVERSION = YES;
				CLANG_WARN_OBJC_ROOT_CLASS = YES_ERROR;
				CLANG_WARN_QUOTED_INCLUDE_IN_FRAMEWORK_HEADER = YES;
				CLANG_WARN_RANGE_LOOP_ANALYSIS = YES;
				CLANG_WARN_STRICT_PROTOTYPES = YES;
				CLANG_WARN_SUSPICIOUS_MOVE = YES;
				CLANG_WARN_UNGUARDED_AVAILABILITY = YES_AGGRESSIVE;
				CLANG_WARN_UNREACHABLE_CODE = YES;
				CLANG_WARN__DUPLICATE_METHOD_MATCH = YES;
				COPY_PHASE_STRIP = NO;
				DEBUG_INFORMATION_FORMAT = "dwarf-with-dsym";
				ENABLE_NS_ASSERTIONS = NO;
				ENABLE_STRICT_OBJC_MSGSEND = YES;
				GCC_C_LANGUAGE_STANDARD = gnu11;
				GCC_NO_COMMON_BLOCKS = YES;
				GCC_WARN_64_TO_32_BIT_CONVERSION = YES;
				GCC_WARN_ABOUT_RETURN_TYPE = YES_ERROR;
				GCC_WARN_UNDECLARED_SELECTOR = YES;
				GCC_WARN_UNINITIALIZED_AUTOS = YES_AGGRESSIVE;
				GCC_WARN_UNUSED_FUNCTION = YES;
				GCC_WARN_UNUSED_VARIABLE = YES;
				IPHONEOS_DEPLOYMENT_TARGET = 15.0;
				MTL_ENABLE_DEBUG_INFO = NO;
				MTL_FAST_MATH = YES;
				SDKROOT = iphoneos;
				SWIFT_COMPILATION_MODE = wholemodule;
				SWIFT_OPTIMIZATION_LEVEL = "-O";
				VALIDATE_PRODUCT = YES;
			};
			name = Release;
		};
		52AEB18D27620FA800BC464A /* Debug */ = {
			isa = XCBuildConfiguration;
			buildSettings = {
				ASSETCATALOG_COMPILER_APPICON_NAME = AppIcon;
				ASSETCATALOG_COMPILER_GLOBAL_ACCENT_COLOR_NAME = AccentColor;
				CODE_SIGN_STYLE = Automatic;
				CURRENT_PROJECT_VERSION = 1;
				DEVELOPMENT_TEAM = S4L7UUYCWP;
				GENERATE_INFOPLIST_FILE = YES;
				INFOPLIST_FILE = "Smaher alharthi/Info.plist";
				INFOPLIST_KEY_UIApplicationSupportsIndirectInputEvents = YES;
				INFOPLIST_KEY_UILaunchStoryboardName = LaunchScreen;
				INFOPLIST_KEY_UIMainStoryboardFile = Main;
				INFOPLIST_KEY_UISupportedInterfaceOrientations_iPad = "UIInterfaceOrientationPortrait UIInterfaceOrientationPortraitUpsideDown UIInterfaceOrientationLandscapeLeft UIInterfaceOrientationLandscapeRight";
				INFOPLIST_KEY_UISupportedInterfaceOrientations_iPhone = "UIInterfaceOrientationPortrait UIInterfaceOrientationLandscapeLeft UIInterfaceOrientationLandscapeRight";
				LD_RUNPATH_SEARCH_PATHS = (
					"$(inherited)",
					"@executable_path/Frameworks",
				);
				MARKETING_VERSION = 1.0;
				PRODUCT_BUNDLE_IDENTIFIER = "Smaher.Smaher-alharthi";
				PRODUCT_NAME = "$(TARGET_NAME)";
				SWIFT_EMIT_LOC_STRINGS = YES;
				SWIFT_VERSION = 5.0;
				TARGETED_DEVICE_FAMILY = "1,2";
			};
			name = Debug;
		};
		52AEB18E27620FA800BC464A /* Release */ = {
			isa = XCBuildConfiguration;
			buildSettings = {
				ASSETCATALOG_COMPILER_APPICON_NAME = AppIcon;
				ASSETCATALOG_COMPILER_GLOBAL_ACCENT_COLOR_NAME = AccentColor;
				CODE_SIGN_STYLE = Automatic;
				CURRENT_PROJECT_VERSION = 1;
				DEVELOPMENT_TEAM = S4L7UUYCWP;
				GENERATE_INFOPLIST_FILE = YES;
				INFOPLIST_FILE = "Smaher alharthi/Info.plist";
				INFOPLIST_KEY_UIApplicationSupportsIndirectInputEvents = YES;
				INFOPLIST_KEY_UILaunchStoryboardName = LaunchScreen;
				INFOPLIST_KEY_UIMainStoryboardFile = Main;
				INFOPLIST_KEY_UISupportedInterfaceOrientations_iPad = "UIInterfaceOrientationPortrait UIInterfaceOrientationPortraitUpsideDown UIInterfaceOrientationLandscapeLeft UIInterfaceOrientationLandscapeRight";
				INFOPLIST_KEY_UISupportedInterfaceOrientations_iPhone = "UIInterfaceOrientationPortrait UIInterfaceOrientationLandscapeLeft UIInterfaceOrientationLandscapeRight";
				LD_RUNPATH_SEARCH_PATHS = (
					"$(inherited)",
					"@executable_path/Frameworks",
				);
				MARKETING_VERSION = 1.0;
				PRODUCT_BUNDLE_IDENTIFIER = "Smaher.Smaher-alharthi";
				PRODUCT_NAME = "$(TARGET_NAME)";
				SWIFT_EMIT_LOC_STRINGS = YES;
				SWIFT_VERSION = 5.0;
				TARGETED_DEVICE_FAMILY = "1,2";
			};
			name = Release;
		};
		52AEB19027620FA800BC464A /* Debug */ = {
			isa = XCBuildConfiguration;
			buildSettings = {
				ALWAYS_EMBED_SWIFT_STANDARD_LIBRARIES = YES;
				BUNDLE_LOADER = "$(TEST_HOST)";
				CODE_SIGN_STYLE = Automatic;
				CURRENT_PROJECT_VERSION = 1;
				DEVELOPMENT_TEAM = S4L7UUYCWP;
				GENERATE_INFOPLIST_FILE = YES;
				IPHONEOS_DEPLOYMENT_TARGET = 15.0;
				LD_RUNPATH_SEARCH_PATHS = (
					"$(inherited)",
					"@executable_path/Frameworks",
					"@loader_path/Frameworks",
				);
				MARKETING_VERSION = 1.0;
				PRODUCT_BUNDLE_IDENTIFIER = "Smaher.Smaher-alharthiTests";
				PRODUCT_NAME = "$(TARGET_NAME)";
				SWIFT_EMIT_LOC_STRINGS = NO;
				SWIFT_VERSION = 5.0;
				TARGETED_DEVICE_FAMILY = "1,2";
				TEST_HOST = "$(BUILT_PRODUCTS_DIR)/Smaher alharthi.app/Smaher alharthi";
			};
			name = Debug;
		};
		52AEB19127620FA800BC464A /* Release */ = {
			isa = XCBuildConfiguration;
			buildSettings = {
				ALWAYS_EMBED_SWIFT_STANDARD_LIBRARIES = YES;
				BUNDLE_LOADER = "$(TEST_HOST)";
				CODE_SIGN_STYLE = Automatic;
				CURRENT_PROJECT_VERSION = 1;
				DEVELOPMENT_TEAM = S4L7UUYCWP;
				GENERATE_INFOPLIST_FILE = YES;
				IPHONEOS_DEPLOYMENT_TARGET = 15.0;
				LD_RUNPATH_SEARCH_PATHS = (
					"$(inherited)",
					"@executable_path/Frameworks",
					"@loader_path/Frameworks",
				);
				MARKETING_VERSION = 1.0;
				PRODUCT_BUNDLE_IDENTIFIER = "Smaher.Smaher-alharthiTests";
				PRODUCT_NAME = "$(TARGET_NAME)";
				SWIFT_EMIT_LOC_STRINGS = NO;
				SWIFT_VERSION = 5.0;
				TARGETED_DEVICE_FAMILY = "1,2";
				TEST_HOST = "$(BUILT_PRODUCTS_DIR)/Smaher alharthi.app/Smaher alharthi";
			};
			name = Release;
		};
		52AEB19327620FA800BC464A /* Debug */ = {
			isa = XCBuildConfiguration;
			buildSettings = {
				ALWAYS_EMBED_SWIFT_STANDARD_LIBRARIES = YES;
				CODE_SIGN_STYLE = Automatic;
				CURRENT_PROJECT_VERSION = 1;
				DEVELOPMENT_TEAM = S4L7UUYCWP;
				GENERATE_INFOPLIST_FILE = YES;
				LD_RUNPATH_SEARCH_PATHS = (
					"$(inherited)",
					"@executable_path/Frameworks",
					"@loader_path/Frameworks",
				);
				MARKETING_VERSION = 1.0;
				PRODUCT_BUNDLE_IDENTIFIER = "Smaher.Smaher-alharthiUITests";
				PRODUCT_NAME = "$(TARGET_NAME)";
				SWIFT_EMIT_LOC_STRINGS = NO;
				SWIFT_VERSION = 5.0;
				TARGETED_DEVICE_FAMILY = "1,2";
				TEST_TARGET_NAME = "Smaher alharthi";
			};
			name = Debug;
		};
		52AEB19427620FA800BC464A /* Release */ = {
			isa = XCBuildConfiguration;
			buildSettings = {
				ALWAYS_EMBED_SWIFT_STANDARD_LIBRARIES = YES;
				CODE_SIGN_STYLE = Automatic;
				CURRENT_PROJECT_VERSION = 1;
				DEVELOPMENT_TEAM = S4L7UUYCWP;
				GENERATE_INFOPLIST_FILE = YES;
				LD_RUNPATH_SEARCH_PATHS = (
					"$(inherited)",
					"@executable_path/Frameworks",
					"@loader_path/Frameworks",
				);
				MARKETING_VERSION = 1.0;
				PRODUCT_BUNDLE_IDENTIFIER = "Smaher.Smaher-alharthiUITests";
				PRODUCT_NAME = "$(TARGET_NAME)";
				SWIFT_EMIT_LOC_STRINGS = NO;
				SWIFT_VERSION = 5.0;
				TARGETED_DEVICE_FAMILY = "1,2";
				TEST_TARGET_NAME = "Smaher alharthi";
			};
			name = Release;
		};
/* End XCBuildConfiguration section */

/* Begin XCConfigurationList section */
		52AEB15D27620FA100BC464A /* Build configuration list for PBXProject "Smaher alharthi" */ = {
			isa = XCConfigurationList;
			buildConfigurations = (
				52AEB18A27620FA800BC464A /* Debug */,
				52AEB18B27620FA800BC464A /* Release */,
			);
			defaultConfigurationIsVisible = 0;
			defaultConfigurationName = Release;
		};
		52AEB18C27620FA800BC464A /* Build configuration list for PBXNativeTarget "Smaher alharthi" */ = {
			isa = XCConfigurationList;
			buildConfigurations = (
				52AEB18D27620FA800BC464A /* Debug */,
				52AEB18E27620FA800BC464A /* Release */,
			);
			defaultConfigurationIsVisible = 0;
			defaultConfigurationName = Release;
		};
		52AEB18F27620FA800BC464A /* Build configuration list for PBXNativeTarget "Smaher alharthiTests" */ = {
			isa = XCConfigurationList;
			buildConfigurations = (
				52AEB19027620FA800BC464A /* Debug */,
				52AEB19127620FA800BC464A /* Release */,
			);
			defaultConfigurationIsVisible = 0;
			defaultConfigurationName = Release;
		};
		52AEB19227620FA800BC464A /* Build configuration list for PBXNativeTarget "Smaher alharthiUITests" */ = {
			isa = XCConfigurationList;
			buildConfigurations = (
				52AEB19327620FA800BC464A /* Debug */,
				52AEB19427620FA800BC464A /* Release */,
			);
			defaultConfigurationIsVisible = 0;
			defaultConfigurationName = Release;
		};
/* End XCConfigurationList section */
	};
	rootObject = 52AEB15A27620FA100BC464A /* Project object */;
}
